
Microsoft Visual Studio Solution File, Format Version 12.00
# Visual Studio Version 16
VisualStudioVersion = 16.0.31702.278
MinimumVisualStudioVersion = 10.0.40219.1
Project("{9A19103F-16F7-4668-BE54-9A1E7A4F7556}") = "Galaxy.Digital.Api.Client", "Galaxy.Digital.Api.Client.csproj", "{C3BD5F98-9D26-4A29-8856-7E8557DC2394}"
EndProject
Global
	GlobalSection(SolutionConfigurationPlatforms) = preSolution
		Debug|Any CPU = Debug|Any CPU
		Release|Any CPU = Release|Any CPU
	EndGlobalSection
	GlobalSection(ProjectConfigurationPlatforms) = postSolution
		{C3BD5F98-9D26-4A29-8856-7E8557DC2394}.Debug|Any CPU.ActiveCfg = Debug|Any CPU
		{C3BD5F98-9D26-4A29-8856-7E8557DC2394}.Debug|Any CPU.Build.0 = Debug|Any CPU
		{C3BD5F98-9D26-4A29-8856-7E8557DC2394}.Release|Any CPU.ActiveCfg = Release|Any CPU
		{C3BD5F98-9D26-4A29-8856-7E8557DC2394}.Release|Any CPU.Build.0 = Release|Any CPU
	EndGlobalSection
	GlobalSection(SolutionProperties) = preSolution
		HideSolutionNode = FALSE
	EndGlobalSection
	GlobalSection(ExtensibilityGlobals) = postSolution
		SolutionGuid = {DDEDF269-CC06-4829-8877-68F2EABD8D81}
	EndGlobalSection
EndGlobal
