
Microsoft Visual Studio Solution File, Format Version 12.00
# Visual Studio Version 16
VisualStudioVersion = 16.0.30717.126
MinimumVisualStudioVersion = 10.0.40219.1
Project("{9A19103F-16F7-4668-BE54-9A1E7A4F7556}") = "Galaxy.Digital.Api.Client", "Galaxy.Digital.Api.Client.csproj", "{9CA50748-370F-4744-823C-7D8621F04972}"
EndProject
Global
	GlobalSection(SolutionConfigurationPlatforms) = preSolution
		Debug|Any CPU = Debug|Any CPU
		Release|Any CPU = Release|Any CPU
	EndGlobalSection
	GlobalSection(ProjectConfigurationPlatforms) = postSolution
		{9CA50748-370F-4744-823C-7D8621F04972}.Debug|Any CPU.ActiveCfg = Debug|Any CPU
		{9CA50748-370F-4744-823C-7D8621F04972}.Debug|Any CPU.Build.0 = Debug|Any CPU
		{9CA50748-370F-4744-823C-7D8621F04972}.Release|Any CPU.ActiveCfg = Release|Any CPU
		{9CA50748-370F-4744-823C-7D8621F04972}.Release|Any CPU.Build.0 = Release|Any CPU
	EndGlobalSection
	GlobalSection(SolutionProperties) = preSolution
		HideSolutionNode = FALSE
	EndGlobalSection
	GlobalSection(ExtensibilityGlobals) = postSolution
		SolutionGuid = {8343C32F-9B7D-4FD2-89C0-8A2346428EB6}
	EndGlobalSection
EndGlobal
